# Generated by scripts/vendor_openfibsem_wheels.py; do not edit.
# CPython 3.11 / manylinux_2_28_x86_64-compatible wheels only.
attrs==26.1.0 \
    --hash=sha256:c647aa4a12dfbad9333ca4e71fe62ddc36f4e63b2d260a37a8b83d2f043ac309
certifi==2026.7.22 \
    --hash=sha256:62f22742b58a1a33014a2b6b706588a8d7e2a88ae7bd1a6ebe8c992928483775
charset-normalizer==3.4.9 \
    --hash=sha256:04ce310cb89c15df659582aee80a0603788732a5e017d5bd5c81158106ce249c
contourpy==1.3.3 \
    --hash=sha256:51e79c1f7470158e838808d4a996fa9bac72c498e93d8ebe5119bc1e6becb0db
cycler==0.12.1 \
    --hash=sha256:85cef7cff222d8644161529808465972e51340599459b8ac3ccbac5a854e0d30
cyclopts==4.22.5 \
    --hash=sha256:cf9ce285836053d156730ea4ea0ad0c75cf63beb3f3d8edf222a795bc57666ab
docstring-parser==0.18.0 \
    --hash=sha256:b3fcbed555c47d8479be0796ef7e19c2670d428d72e96da63f3a40122860374b
drjit==1.4.0 \
    --hash=sha256:6183c0fee8ade3f360b928ea4bcdf64f255ac9739c4f3a95fea9ab1a031d2576
flexcache==0.3 \
    --hash=sha256:d43c9fea82336af6e0115e308d9d33a185390b8346a017564611f1466dcd2e32
flexparser==0.4 \
    --hash=sha256:3738b456192dcb3e15620f324c447721023c0293f6af9955b481e91d00179846
fonttools==4.63.0 \
    --hash=sha256:d76ac49f929aecaf82d83250b8347e099d7aecba0f4726c1d9b6df3b8bb5fe18
h5py==3.16.0 \
    --hash=sha256:fb1720028d99040792bb2fb31facb8da44a6f29df7697e0b84f0d79aff2e9bd3
idna==3.18 \
    --hash=sha256:7f952cbe720b688055e3f87de14f5c3e5fdaa8bc3928985c4077ca689de849a2
imageio==2.37.4 \
    --hash=sha256:1ab2e22c8debf700f24c3ac43e8f95f3b3a8110c83b93411e97b4b0b2cd1c7e6
kiwisolver==1.5.0 \
    --hash=sha256:2517e24d7315eb51c10664cdb865195df38ab74456c677df67bb47f12d088a27
lazy-loader==0.5 \
    --hash=sha256:ab0ea149e9c554d4ffeeb21105ac60bed7f3b4fd69b1d2360a4add51b170b005
markdown-it-py==4.2.0 \
    --hash=sha256:9f7ebbcd14fe59494226453aed97c1070d83f8d24b6fc3a3bcf9a38092641c4a
matplotlib==3.11.1 \
    --hash=sha256:aee55e9041211bf84302ab55ec3965df18dd90ae19f8b58332a7feaf208bfe83
mdurl==0.1.2 \
    --hash=sha256:84008a41e51615a49fc9966191ff91509e3c40b939176e643fd50a5c2196b8f8
meshlib==3.1.3.429 \
    --hash=sha256:b296f7754c248b144cba1157d314cc36b4321118a0ab7642fd7aba6369730ef1
mitsuba==3.9.0 \
    --hash=sha256:a4ce802d1066fe22c18f9860b37dde33c4089f015eec5995aa3e3ee999aeb33c
networkx==3.6.1 \
    --hash=sha256:d47fbf302e7d9cbbb9e2555a0d267983d2aa476bac30e90dfbe5669bd57f3762
numpy==2.4.6 \
    --hash=sha256:89cd468399cfd2504718f0ba50e410dca55a170b61a02ad92bb18c8a65186e93
opencv-python==5.0.0.93 \
    --hash=sha256:c8de2dec111122a02e8beb28e16c31904992dfd6186560b142a92c71403c1039
packaging==26.3 \
    --hash=sha256:d7193f7c8e4e93f444fde0262bf90af30e16fa0ad0ad44cb553c87339b23cd1c
pandas==3.0.5 \
    --hash=sha256:2c0cf1dd9b55a22d105fc46c1b489af3bd42264fcba7c66297bf47a9a1d9c78a
petname==2.9 \
    --hash=sha256:57f2e0bb4292e9209b5ef02085a33525c638c07f5ec92ebd6db78e8bb574d238
pillow==12.3.0 \
    --hash=sha256:23d27a3e0307ec2244cc51e7287b919aa68d097504ebe19df4e76a98a3eea5bd
pint==0.25.3 \
    --hash=sha256:27eb25143bd5de9fcc4d5a4b484f16faf6b4615aa93ece6b3373a8c1a3c1b97d
platformdirs==4.11.0 \
    --hash=sha256:360ccded2b7fce0af0ff80cc8f5942a1c5d99b0e856033acb030bfc634709e74
pooch==1.9.0 \
    --hash=sha256:f265597baa9f760d25ceb29d0beb8186c243d6607b0f60b83ecf14078dbc703b
protobuf==7.35.1 \
    --hash=sha256:74758715c53d7158fb76caf4f0cfdacc5329a4b1bb994f865d6cf302d413a1c4
pygments==2.20.0 \
    --hash=sha256:81a9e26dd42fd28a23a2d169d86d7ac03b46e2f8b59ed4698fb4785f946d0176
pyparsing==3.3.2 \
    --hash=sha256:850ba148bd908d7e2411587e247a1e4f0327839c40e2e5e6d05a007ecc69911d
python-dateutil==2.9.0.post0 \
    --hash=sha256:a8b2bc7bffae282281c8140a97d3aa9c14da0b136dfe83f850eea9a5f7470427
pyvista==0.48.4 \
    --hash=sha256:a46eda178e10e279afda550c341676a82dcee607c86db74565fa455ac0bd23e2
pyyaml==6.0.3 \
    --hash=sha256:b8bb0864c5a28024fac8a632c443c87c5aa6f215c0b126c449ae1a150412f31d
requests==2.34.2 \
    --hash=sha256:2a0d60c172f83ac6ab31e4554906c0f3b3588d37b5cb939b1c061f4907e278e0
rich==15.0.0 \
    --hash=sha256:33bd4ef74232fb73fe9279a257718407f169c09b78a87ad3d296f548e27de0bb
rich-rst==2.1.0 \
    --hash=sha256:7ecd1343ee12c879d0e7ae74c3eb6d263b023d2929c6d114212eb1fd91057255
scikit-image==0.26.0 \
    --hash=sha256:74aa5518ccea28121f57a95374581d3b979839adc25bb03f289b1bc9b99c58af
scipy==1.17.1 \
    --hash=sha256:43af8d1f3bea642559019edfe64e9b11192a8978efbd1539d7bc2aaa23d92de4
scooby==0.11.2 \
    --hash=sha256:f34c36bbee749b2c55816a080521f216d88304e635017e911c12249607d38c49
setuptools==83.0.0 \
    --hash=sha256:29b23c360f22f414dc7336bb39178cc7bcbf6021ed2733cde173f09dba19abb3
setuptools-scm==10.2.1 \
    --hash=sha256:b7c82f4102d389ee57dc66ccdb4f9b4bca3c40ba83b43f1f63d68ccd72db2580
six==1.17.0 \
    --hash=sha256:4721f391ed90541fddacab5acf947aa0d3dc7d27b2e1e8eda2be8970586c3274
tifffile==2026.3.3 \
    --hash=sha256:e8be15c94273113d31ecb7aa3a39822189dd11c4967e3cc88c178f1ad2fd1170
tqdm==4.70.0 \
    --hash=sha256:7f585706bfddbdebf89daac705b2dfcc16890130727d3197ca62c732b4310953
typing-extensions==4.16.0 \
    --hash=sha256:481caa481374e813c1b176ada14e97f1f67a4539ce9cfeb3f350d78d6370c2e8
urllib3==2.7.0 \
    --hash=sha256:9fb4c81ebbb1ce9531cce37674bbc6f1360472bc18ca9a553ede278ef7276897
vcs-versioning==2.2.3 \
    --hash=sha256:4f7873af76f5cc24e701608354f376f5eb70b317d663787ace57a7edd7a27506
vtk==9.6.2 \
    --hash=sha256:0fd9fa3f851192619ac0cec05591ab88adbed67ba063903297d2bb40b457bd00
wheel==0.47.0 \
    --hash=sha256:212281cab4dff978f6cedd499cd893e1f620791ca6ff7107cf270781e587eced
