schema_version: 1
container_protocol_version: 1
platform: linux/amd64
base_image: python:3.11.9-slim-bookworm@sha256:2856e6af199e8128161abd320575eb9b341f3b76f017b5d0c9cd364f60d8a050
dockerfile_sha256: 8963e81abca1bf5504bb72f87b4471b556388415642ad36f8f08545ab6a91a0b
built_image:
  reference: iab/pyvisa-dut-validation:v1
  digest: sha256:2ac86ce0562889339c4d35be6a4ecc57203625c4feab4b5d712cba10af78ab41
runtime_user: "10001:10001"
